// !$*UTF8*$!
{
	archiveVersion = 1;
	classes = {
	};
	objectVersion = 46;
	objects = {

/* Begin PBXBuildFile section */
		AF1A1A081893701800492DF2 /* Foundation.framework in Frameworks */ = {isa = PBXBuildFile; fileRef = AF1A1A071893701800492DF2 /* Foundation.framework */; };
		AF1A1A0A1893701800492DF2 /* CoreGraphics.framework in Frameworks */ = {isa = PBXBuildFile; fileRef = AF1A1A091893701800492DF2 /* CoreGraphics.framework */; };
		AF1A1A0C1893701800492DF2 /* UIKit.framework in Frameworks */ = {isa = PBXBuildFile; fileRef = AF1A1A0B1893701800492DF2 /* UIKit.framework */; };
		AF1A1A121893701800492DF2 /* InfoPlist.strings in Resources */ = {isa = PBXBuildFile; fileRef = AF1A1A101893701800492DF2 /* InfoPlist.strings */; };
		AF1A1A141893701800492DF2 /* main.m in Sources */ = {isa = PBXBuildFile; fileRef = AF1A1A131893701800492DF2 /* main.m */; };
		AF1A1A181893701800492DF2 /* AppDelegate.m in Sources */ = {isa = PBXBuildFile; fileRef = AF1A1A171893701800492DF2 /* AppDelegate.m */; };
		AF1A1A1A1893701800492DF2 /* Images.xcassets in Resources */ = {isa = PBXBuildFile; fileRef = AF1A1A191893701800492DF2 /* Images.xcassets */; };
		AF1A1A211893701800492DF2 /* XCTest.framework in Frameworks */ = {isa = PBXBuildFile; fileRef = AF1A1A201893701800492DF2 /* XCTest.framework */; };
		AF1A1A221893701800492DF2 /* Foundation.framework in Frameworks */ = {isa = PBXBuildFile; fileRef = AF1A1A071893701800492DF2 /* Foundation.framework */; };
		AF1A1A231893701800492DF2 /* UIKit.framework in Frameworks */ = {isa = PBXBuildFile; fileRef = AF1A1A0B1893701800492DF2 /* UIKit.framework */; };
		AF1A1A2B1893701800492DF2 /* InfoPlist.strings in Resources */ = {isa = PBXBuildFile; fileRef = AF1A1A291893701800492DF2 /* InfoPlist.strings */; };
		AF1A1A2D1893701800492DF2 /* SampleTests.m in Sources */ = {isa = PBXBuildFile; fileRef = AF1A1A2C1893701800492DF2 /* SampleTests.m */; };
/* End PBXBuildFile section */

/* Begin PBXContainerItemProxy section */
		AF1A1A241893701800492DF2 /* PBXContainerItemProxy */ = {
			isa = PBXContainerItemProxy;
			containerPortal = AF1A19FC1893701800492DF2 /* Project object */;
			proxyType = 1;
			remoteGlobalIDString = AF1A1A031893701800492DF2;
			remoteInfo = Sample;
		};
/* End PBXContainerItemProxy section */

/* Begin PBXFileReference section */
		AF1A1A041893701800492DF2 /* Sample.app */ = {isa = PBXFileReference; explicitFileType = wrapper.application; includeInIndex = 0; path = Sample.app; sourceTree = BUILT_PRODUCTS_DIR; };
		AF1A1A071893701800492DF2 /* Foundation.framework */ = {isa = PBXFileReference; lastKnownFileType = wrapper.framework; name = Foundation.framework; path = System/Library/Frameworks/Foundation.framework; sourceTree = SDKROOT; };
		AF1A1A091893701800492DF2 /* CoreGraphics.framework */ = {isa = PBXFileReference; lastKnownFileType = wrapper.framework; name = CoreGraphics.framework; path = System/Library/Frameworks/CoreGraphics.framework; sourceTree = SDKROOT; };
		AF1A1A0B1893701800492DF2 /* UIKit.framework */ = {isa = PBXFileReference; lastKnownFileType = wrapper.framework; name = UIKit.framework; path = System/Library/Frameworks/UIKit.framework; sourceTree = SDKROOT; };
		AF1A1A0F1893701800492DF2 /* Sample-Info.plist */ = {isa = PBXFileReference; lastKnownFileType = text.plist.xml; path = "Sample-Info.plist"; sourceTree = "<group>"; };
		AF1A1A111893701800492DF2 /* en */ = {isa = PBXFileReference; lastKnownFileType = text.plist.strings; name = en; path = en.lproj/InfoPlist.strings; sourceTree = "<group>"; };
		AF1A1A131893701800492DF2 /* main.m */ = {isa = PBXFileReference; lastKnownFileType = sourcecode.c.objc; path = main.m; sourceTree = "<group>"; };
		AF1A1A151893701800492DF2 /* Sample-Prefix.pch */ = {isa = PBXFileReference; lastKnownFileType = sourcecode.c.h; path = "Sample-Prefix.pch"; sourceTree = "<group>"; };
		AF1A1A161893701800492DF2 /* AppDelegate.h */ = {isa = PBXFileReference; lastKnownFileType = sourcecode.c.h; path = AppDelegate.h; sourceTree = "<group>"; };
		AF1A1A171893701800492DF2 /* AppDelegate.m */ = {isa = PBXFileReference; lastKnownFileType = sourcecode.c.objc; path = AppDelegate.m; sourceTree = "<group>"; };
		AF1A1A191893701800492DF2 /* Images.xcassets */ = {isa = PBXFileReference; lastKnownFileType = folder.assetcatalog; path = Images.xcassets; sourceTree = "<group>"; };
		AF1A1A1F1893701800492DF2 /* SampleTests.xctest */ = {isa = PBXFileReference; explicitFileType = wrapper.cfbundle; includeInIndex = 0; path = SampleTests.xctest; sourceTree = BUILT_PRODUCTS_DIR; };
		AF1A1A201893701800492DF2 /* XCTest.framework */ = {isa = PBXFileReference; lastKnownFileType = wrapper.framework; name = XCTest.framework; path = Library/Frameworks/XCTest.framework; sourceTree = DEVELOPER_DIR; };
		AF1A1A281893701800492DF2 /* SampleTests-Info.plist */ = {isa = PBXFileReference; lastKnownFileType = text.plist.xml; path = "SampleTests-Info.plist"; sourceTree = "<group>"; };
		AF1A1A2A1893701800492DF2 /* en */ = {isa = PBXFileReference; lastKnownFileType = text.plist.strings; name = en; path = en.lproj/InfoPlist.strings; sourceTree = "<group>"; };
		AF1A1A2C1893701800492DF2 /* SampleTests.m */ = {isa = PBXFileReference; lastKnownFileType = sourcecode.c.objc; path = SampleTests.m; sourceTree = "<group>"; };
/* End PBXFileReference section */

/* Begin PBXFrameworksBuildPhase section */
		AF1A1A011893701800492DF2 /* Frameworks */ = {
			isa = PBXFrameworksBuildPhase;
			buildActionMask = 2147483647;
			files = (
				AF1A1A0A1893701800492DF2 /* CoreGraphics.framework in Frameworks */,
				AF1A1A0C1893701800492DF2 /* UIKit.framework in Frameworks */,
				AF1A1A081893701800492DF2 /* Foundation.framework in Frameworks */,
			);
			runOnlyForDeploymentPostprocessing = 0;
		};
		AF1A1A1C1893701800492DF2 /* Frameworks */ = {
			isa = PBXFrameworksBuildPhase;
			buildActionMask = 2147483647;
			files = (
				AF1A1A211893701800492DF2 /* XCTest.framework in Frameworks */,
				AF1A1A231893701800492DF2 /* UIKit.framework in Frameworks */,
				AF1A1A221893701800492DF2 /* Foundation.framework in Frameworks */,
			);
			runOnlyForDeploymentPostprocessing = 0;
		};
/* End PBXFrameworksBuildPhase section */

/* Begin PBXGroup section */
		AF1A19FB1893701800492DF2 = {
			isa = PBXGroup;
			children = (
				AF1A1A0D1893701800492DF2 /* Sample */,
				AF1A1A261893701800492DF2 /* SampleTests */,
				AF1A1A061893701800492DF2 /* Frameworks */,
				AF1A1A051893701800492DF2 /* Products */,
			);
			sourceTree = "<group>";
		};
		AF1A1A051893701800492DF2 /* Products */ = {
			isa = PBXGroup;
			children = (
				AF1A1A041893701800492DF2 /* Sample.app */,
				AF1A1A1F1893701800492DF2 /* SampleTests.xctest */,
			);
			name = Products;
			sourceTree = "<group>";
		};
		AF1A1A061893701800492DF2 /* Frameworks */ = {
			isa = PBXGroup;
			children = (
				AF1A1A071893701800492DF2 /* Foundation.framework */,
				AF1A1A091893701800492DF2 /* CoreGraphics.framework */,
				AF1A1A0B1893701800492DF2 /* UIKit.framework */,
				AF1A1A201893701800492DF2 /* XCTest.framework */,
			);
			name = Frameworks;
			sourceTree = "<group>";
		};
		AF1A1A0D1893701800492DF2 /* Sample */ = {
			isa = PBXGroup;
			children = (
				AF1A1A161893701800492DF2 /* AppDelegate.h */,
				AF1A1A171893701800492DF2 /* AppDelegate.m */,
				AF1A1A191893701800492DF2 /* Images.xcassets */,
				AF1A1A0E1893701800492DF2 /* Supporting Files */,
			);
			path = Sample;
			sourceTree = "<group>";
		};
		AF1A1A0E1893701800492DF2 /* Supporting Files */ = {
			isa = PBXGroup;
			children = (
				AF1A1A0F1893701800492DF2 /* Sample-Info.plist */,
				AF1A1A101893701800492DF2 /* InfoPlist.strings */,
				AF1A1A131893701800492DF2 /* main.m */,
				AF1A1A151893701800492DF2 /* Sample-Prefix.pch */,
			);
			name = "Supporting Files";
			sourceTree = "<group>";
		};
		AF1A1A261893701800492DF2 /* SampleTests */ = {
			isa = PBXGroup;
			children = (
				AF1A1A2C1893701800492DF2 /* SampleTests.m */,
				AF1A1A271893701800492DF2 /* Supporting Files */,
			);
			path = SampleTests;
			sourceTree = "<group>";
		};
		AF1A1A271893701800492DF2 /* Supporting Files */ = {
			isa = PBXGroup;
			children = (
				AF1A1A281893701800492DF2 /* SampleTests-Info.plist */,
				AF1A1A291893701800492DF2 /* InfoPlist.strings */,
			);
			name = "Supporting Files";
			sourceTree = "<group>";
		};
/* End PBXGroup section */

/* Begin PBXNativeTarget section */
		AF1A1A031893701800492DF2 /* Sample */ = {
			isa = PBXNativeTarget;
			buildConfigurationList = AF1A1A301893701800492DF2 /* Build configuration list for PBXNativeTarget "Sample" */;
			buildPhases = (
				AF1A1A001893701800492DF2 /* Sources */,
				AF1A1A011893701800492DF2 /* Frameworks */,
				AF1A1A021893701800492DF2 /* Resources */,
			);
			buildRules = (
			);
			dependencies = (
			);
			name = Sample;
			productName = Sample;
			productReference = AF1A1A041893701800492DF2 /* Sample.app */;
			productType = "com.apple.product-type.application";
		};
		AF1A1A1E1893701800492DF2 /* SampleTests */ = {
			isa = PBXNativeTarget;
			buildConfigurationList = AF1A1A331893701800492DF2 /* Build configuration list for PBXNativeTarget "SampleTests" */;
			buildPhases = (
				AF1A1A1B1893701800492DF2 /* Sources */,
				AF1A1A1C1893701800492DF2 /* Frameworks */,
				AF1A1A1D1893701800492DF2 /* Resources */,
			);
			buildRules = (
			);
			dependencies = (
				AF1A1A251893701800492DF2 /* PBXTargetDependency */,
			);
			name = SampleTests;
			productName = SampleTests;
			productReference = AF1A1A1F1893701800492DF2 /* SampleTests.xctest */;
			productType = "com.apple.product-type.bundle.unit-test";
		};
/* End PBXNativeTarget section */

/* Begin PBXProject section */
		AF1A19FC1893701800492DF2 /* Project object */ = {
			isa = PBXProject;
			attributes = {
				LastUpgradeCheck = 0500;
				ORGANIZATIONNAME = "Sujit Anand";
				TargetAttributes = {
					AF1A1A1E1893701800492DF2 = {
						TestTargetID = AF1A1A031893701800492DF2;
					};
				};
			};
			buildConfigurationList = AF1A19FF1893701800492DF2 /* Build configuration list for PBXProject "Sample" */;
			compatibilityVersion = "Xcode 3.2";
			developmentRegion = English;
			hasScannedForEncodings = 0;
			knownRegions = (
				en,
			);
			mainGroup = AF1A19FB1893701800492DF2;
			productRefGroup = AF1A1A051893701800492DF2 /* Products */;
			projectDirPath = "";
			projectRoot = "";
			targets = (
				AF1A1A031893701800492DF2 /* Sample */,
				AF1A1A1E1893701800492DF2 /* SampleTests */,
			);
		};
/* End PBXProject section */

/* Begin PBXResourcesBuildPhase section */
		AF1A1A021893701800492DF2 /* Resources */ = {
			isa = PBXResourcesBuildPhase;
			buildActionMask = 2147483647;
			files = (
				AF1A1A121893701800492DF2 /* InfoPlist.strings in Resources */,
				AF1A1A1A1893701800492DF2 /* Images.xcassets in Resources */,
			);
			runOnlyForDeploymentPostprocessing = 0;
		};
		AF1A1A1D1893701800492DF2 /* Resources */ = {
			isa = PBXResourcesBuildPhase;
			buildActionMask = 2147483647;
			files = (
				AF1A1A2B1893701800492DF2 /* InfoPlist.strings in Resources */,
			);
			runOnlyForDeploymentPostprocessing = 0;
		};
/* End PBXResourcesBuildPhase section */

/* Begin PBXSourcesBuildPhase section */
		AF1A1A001893701800492DF2 /* Sources */ = {
			isa = PBXSourcesBuildPhase;
			buildActionMask = 2147483647;
			files = (
				AF1A1A181893701800492DF2 /* AppDelegate.m in Sources */,
				AF1A1A141893701800492DF2 /* main.m in Sources */,
			);
			runOnlyForDeploymentPostprocessing = 0;
		};
		AF1A1A1B1893701800492DF2 /* Sources */ = {
			isa = PBXSourcesBuildPhase;
			buildActionMask = 2147483647;
			files = (
				AF1A1A2D1893701800492DF2 /* SampleTests.m in Sources */,
			);
			runOnlyForDeploymentPostprocessing = 0;
		};
/* End PBXSourcesBuildPhase section */

/* Begin PBXTargetDependency section */
		AF1A1A251893701800492DF2 /* PBXTargetDependency */ = {
			isa = PBXTargetDependency;
			target = AF1A1A031893701800492DF2 /* Sample */;
			targetProxy = AF1A1A241893701800492DF2 /* PBXContainerItemProxy */;
		};
/* End PBXTargetDependency section */

/* Begin PBXVariantGroup section */
		AF1A1A101893701800492DF2 /* InfoPlist.strings */ = {
			isa = PBXVariantGroup;
			children = (
				AF1A1A111893701800492DF2 /* en */,
			);
			name = InfoPlist.strings;
			sourceTree = "<group>";
		};
		AF1A1A291893701800492DF2 /* InfoPlist.strings */ = {
			isa = PBXVariantGroup;
			children = (
				AF1A1A2A1893701800492DF2 /* en */,
			);
			name = InfoPlist.strings;
			sourceTree = "<group>";
		};
/* End PBXVariantGroup section */

/* Begin XCBuildConfiguration section */
		AF1A1A2E1893701800492DF2 /* Debug */ = {
			isa = XCBuildConfiguration;
			buildSettings = {
				ALWAYS_SEARCH_USER_PATHS = NO;
				ARCHS = "$(ARCHS_STANDARD_INCLUDING_64_BIT)";
				CLANG_CXX_LANGUAGE_STANDARD = "gnu++0x";
				CLANG_CXX_LIBRARY = "libc++";
				CLANG_ENABLE_MODULES = YES;
				CLANG_ENABLE_OBJC_ARC = YES;
				CLANG_WARN_BOOL_CONVERSION = YES;
				CLANG_WARN_CONSTANT_CONVERSION = YES;
				CLANG_WARN_DIRECT_OBJC_ISA_USAGE = YES_ERROR;
				CLANG_WARN_EMPTY_BODY = YES;
				CLANG_WARN_ENUM_CONVERSION = YES;
				CLANG_WARN_INT_CONVERSION = YES;
				CLANG_WARN_OBJC_ROOT_CLASS = YES_ERROR;
				CLANG_WARN__DUPLICATE_METHOD_MATCH = YES;
				"CODE_SIGN_IDENTITY[sdk=iphoneos*]" = "iPhone Developer";
				COPY_PHASE_STRIP = NO;
				GCC_C_LANGUAGE_STANDARD = gnu99;
				GCC_DYNAMIC_NO_PIC = NO;
				GCC_OPTIMIZATION_LEVEL = 0;
				GCC_PREPROCESSOR_DEFINITIONS = (
					"DEBUG=1",
					"$(inherited)",
				);
				GCC_SYMBOLS_PRIVATE_EXTERN = NO;
				GCC_WARN_64_TO_32_BIT_CONVERSION = YES;
				GCC_WARN_ABOUT_RETURN_TYPE = YES_ERROR;
				GCC_WARN_UNDECLARED_SELECTOR = YES;
				GCC_WARN_UNINITIALIZED_AUTOS = YES;
				GCC_WARN_UNUSED_FUNCTION = YES;
				GCC_WARN_UNUSED_VARIABLE = YES;
				IPHONEOS_DEPLOYMENT_TARGET = 7.0;
				ONLY_ACTIVE_ARCH = YES;
				SDKROOT = iphoneos;
				TARGETED_DEVICE_FAMILY = "1,2";
			};
			name = Debug;
		};
		AF1A1A2F1893701800492DF2 /* Release */ = {
			isa = XCBuildConfiguration;
			buildSettings = {
				ALWAYS_SEARCH_USER_PATHS = NO;
				ARCHS = "$(ARCHS_STANDARD_INCLUDING_64_BIT)";
				CLANG_CXX_LANGUAGE_STANDARD = "gnu++0x";
				CLANG_CXX_LIBRARY = "libc++";
				CLANG_ENABLE_MODULES = YES;
				CLANG_ENABLE_OBJC_ARC = YES;
				CLANG_WARN_BOOL_CONVERSION = YES;
				CLANG_WARN_CONSTANT_CONVERSION = YES;
				CLANG_WARN_DIRECT_OBJC_ISA_USAGE = YES_ERROR;
				CLANG_WARN_EMPTY_BODY = YES;
				CLANG_WARN_ENUM_CONVERSION = YES;
				CLANG_WARN_INT_CONVERSION = YES;
				CLANG_WARN_OBJC_ROOT_CLASS = YES_ERROR;
				CLANG_WARN__DUPLICATE_METHOD_MATCH = YES;
				"CODE_SIGN_IDENTITY[sdk=iphoneos*]" = "iPhone Developer";
				COPY_PHASE_STRIP = YES;
				ENABLE_NS_ASSERTIONS = NO;
				GCC_C_LANGUAGE_STANDARD = gnu99;
				GCC_WARN_64_TO_32_BIT_CONVERSION = YES;
				GCC_WARN_ABOUT_RETURN_TYPE = YES_ERROR;
				GCC_WARN_UNDECLARED_SELECTOR = YES;
				GCC_WARN_UNINITIALIZED_AUTOS = YES;
				GCC_WARN_UNUSED_FUNCTION = YES;
				GCC_WARN_UNUSED_VARIABLE = YES;
				IPHONEOS_DEPLOYMENT_TARGET = 7.0;
				SDKROOT = iphoneos;
				TARGETED_DEVICE_FAMILY = "1,2";
				VALIDATE_PRODUCT = YES;
			};
			name = Release;
		};
		AF1A1A311893701800492DF2 /* Debug */ = {
			isa = XCBuildConfiguration;
			buildSettings = {
				ASSETCATALOG_COMPILER_APPICON_NAME = AppIcon;
				ASSETCATALOG_COMPILER_LAUNCHIMAGE_NAME = LaunchImage;
				GCC_PRECOMPILE_PREFIX_HEADER = YES;
				GCC_PREFIX_HEADER = "Sample/Sample-Prefix.pch";
				INFOPLIST_FILE = "Sample/Sample-Info.plist";
				PRODUCT_NAME = "$(TARGET_NAME)";
				WRAPPER_EXTENSION = app;
			};
			name = Debug;
		};
		AF1A1A321893701800492DF2 /* Release */ = {
			isa = XCBuildConfiguration;
			buildSettings = {
				ASSETCATALOG_COMPILER_APPICON_NAME = AppIcon;
				ASSETCATALOG_COMPILER_LAUNCHIMAGE_NAME = LaunchImage;
				GCC_PRECOMPILE_PREFIX_HEADER = YES;
				GCC_PREFIX_HEADER = "Sample/Sample-Prefix.pch";
				INFOPLIST_FILE = "Sample/Sample-Info.plist";
				PRODUCT_NAME = "$(TARGET_NAME)";
				WRAPPER_EXTENSION = app;
			};
			name = Release;
		};
		AF1A1A341893701800492DF2 /* Debug */ = {
			isa = XCBuildConfiguration;
			buildSettings = {
				ARCHS = "$(ARCHS_STANDARD_INCLUDING_64_BIT)";
				BUNDLE_LOADER = "$(BUILT_PRODUCTS_DIR)/Sample.app/Sample";
				FRAMEWORK_SEARCH_PATHS = (
					"$(SDKROOT)/Developer/Library/Frameworks",
					"$(inherited)",
					"$(DEVELOPER_FRAMEWORKS_DIR)",
				);
				GCC_PRECOMPILE_PREFIX_HEADER = YES;
				GCC_PREFIX_HEADER = "Sample/Sample-Prefix.pch";
				GCC_PREPROCESSOR_DEFINITIONS = (
					"DEBUG=1",
					"$(inherited)",
				);
				INFOPLIST_FILE = "SampleTests/SampleTests-Info.plist";
				PRODUCT_NAME = "$(TARGET_NAME)";
				TEST_HOST = "$(BUNDLE_LOADER)";
				WRAPPER_EXTENSION = xctest;
			};
			name = Debug;
		};
		AF1A1A351893701800492DF2 /* Release */ = {
			isa = XCBuildConfiguration;
			buildSettings = {
				ARCHS = "$(ARCHS_STANDARD_INCLUDING_64_BIT)";
				BUNDLE_LOADER = "$(BUILT_PRODUCTS_DIR)/Sample.app/Sample";
				FRAMEWORK_SEARCH_PATHS = (
					"$(SDKROOT)/Developer/Library/Frameworks",
					"$(inherited)",
					"$(DEVELOPER_FRAMEWORKS_DIR)",
				);
				GCC_PRECOMPILE_PREFIX_HEADER = YES;
				GCC_PREFIX_HEADER = "Sample/Sample-Prefix.pch";
				INFOPLIST_FILE = "SampleTests/SampleTests-Info.plist";
				PRODUCT_NAME = "$(TARGET_NAME)";
				TEST_HOST = "$(BUNDLE_LOADER)";
				WRAPPER_EXTENSION = xctest;
			};
			name = Release;
		};
/* End XCBuildConfiguration section */

/* Begin XCConfigurationList section */
		AF1A19FF1893701800492DF2 /* Build configuration list for PBXProject "Sample" */ = {
			isa = XCConfigurationList;
			buildConfigurations = (
				AF1A1A2E1893701800492DF2 /* Debug */,
				AF1A1A2F1893701800492DF2 /* Release */,
			);
			defaultConfigurationIsVisible = 0;
			defaultConfigurationName = Release;
		};
		AF1A1A301893701800492DF2 /* Build configuration list for PBXNativeTarget "Sample" */ = {
			isa = XCConfigurationList;
			buildConfigurations = (
				AF1A1A311893701800492DF2 /* Debug */,
				AF1A1A321893701800492DF2 /* Release */,
			);
			defaultConfigurationIsVisible = 0;
		};
		AF1A1A331893701800492DF2 /* Build configuration list for PBXNativeTarget "SampleTests" */ = {
			isa = XCConfigurationList;
			buildConfigurations = (
				AF1A1A341893701800492DF2 /* Debug */,
				AF1A1A351893701800492DF2 /* Release */,
			);
			defaultConfigurationIsVisible = 0;
		};
/* End XCConfigurationList section */
	};
	rootObject = AF1A19FC1893701800492DF2 /* Project object */;
}
